github.com/BurntSushi/toml v1.2.1 h1:9F2/+DoOYIOksmaJFPw1tGFy1eDnIJXg+UHjuD8lTak=
github.com/BurntSushi/toml v1.2.1/go.mod h1:CxXYINrC8qIiEnFrOxCa7Jy5BFHlXnUU2pbicEuybxQ=
github.com/ilyakaznacheev/cleanenv v1.5.0 h1:0VNZXggJE2OYdXE87bfSSwGxeiGt9moSR2lOrsHHvr4=
github.com/ilyakaznacheev/cleanenv v1.5.0/go.mod h1:a5aDzaJrLCQZsazHol1w8InnDcOX0OColm64SlIi6gk=
github.com/joho/godotenv v1.5.1 h1:7eLL/+HRGLY0ldzfGMeQkb7vMd0as4CfYvUVzLqw0N0=
github.com/joho/godotenv v1.5.1/go.mod h1:f4LDr5Voq0i2e/R5DDNOoa2zzDfwtkZa6DnEwAbqwq4=
github.com/klauspost/compress v1.17.0 h1:Rnbp4K9EjcDuVuHtd0dgA4qNuv9yKDYKK1ulpJwgrqM=
github.com/klauspost/compress v1.17.0/go.mod h1:ntbaceVETuRiXiv4DpjP66DpAtAGkEQskQzEyD//IeE=
github.com/nats-io/nats.go v1.31.0 h1:/WFBHEc/dOKBF6qf1TZhrdEfTmOZ5JzdJ+Y3m6Y/p7E=
github.com/nats-io/nats.go v1.31.0/go.mod h1:di3Bm5MLsoB4Bx61CBTsxuarI36WbhAwOm8QrW39+i8=
github.com/nats-io/nkeys v0.4.5 h1:Zdz2BUlFm4fJlierwvGK+yl20IAKUm7eV6AAZXEhkPk=
github.com/nats-io/nkeys v0.4.5/go.mod h1:XUkxdLPTufzlihbamfzQ7mw/VGx6ObUs+0bN5sNvt64=
github.com/nats-io/nuid v1.0.1 h1:5iA8DT8V7q8WK2EScv2padNa/rTESc1KdnPw4TC2paw=
github.com/nats-io/nuid v1.0.1/go.mod h1:19wcPz3Ph3q0Jbyiqsd0kePYG7A95tJPxeL+1OSON2c=
golang.org/x/crypto v0.6.0 h1:qfktjS5LUO+fFKeJXZ+ikTRijMmljikvG68fpMMruSc=
golang.org/x/crypto v0.6.0/go.mod h1:OFC/31mSvZgRz0V1QTNCzfAI1aIRzbiufJtkMIlEp58=
golang.org/x/sys v0.5.0 h1:MUK/U/4lj1t1oPg0HfuXDN/Z1wv31ZJ/YcPiGccS4DU=
golang.org/x/sys v0.5.0/go.mod h1:oPkhp1MJrh7nUepCBck5+mAzfO9JrbApNNgaTdGDITg=
gopkg.in/check.v1 v0.0.0-20161208181325-20d25e280405 h1:yhCVgyC4o1eVCa2tZl7eS0r+SDo693bJlVdllGtEeKM=
gopkg.in/check.v1 v0.0.0-20161208181325-20d25e280405/go.mod h1:Co6ibVJAznAaIkqp8huTwlJQCZ016jof/cbN4VW5Yz0=
gopkg.in/yaml.v3 v3.0.1 h1:fxVm/GzAzEWqLHuvctI91KS9hhNmmWOoWu0XTYJS7CA=
gopkg.in/yaml.v3 v3.0.1/go.mod h1:K4uyk7z7BCEPqu6E+C64Yfv1cQ7kz7rIZviUmN+EgEM=
olympos.io/encoding/edn v0.0.0-20201019073823-d3554ca0b0a3 h1:slmdOY3vp8a7KQbHkL+FLbvbkgMqmXojpFUO/jENuqQ=
olympos.io/encoding/edn v0.0.0-20201019073823-d3554ca0b0a3/go.mod h1:oVgVk4OWVDi43qWBEyGhXgYxt7+ED4iYNpTngSLX2Iw=
